// !$*UTF8*$!
{
	archiveVersion = 1;
	classes = {
	};
	objectVersion = 55;
	objects = {

/* Begin PBXBuildFile section */
		ECA2A48E28BBD9B200600BF0 /* AppDelegate.swift in Sources */ = {isa = PBXBuildFile; fileRef = ECA2A48D28BBD9B200600BF0 /* AppDelegate.swift */; };
		ECA2A49028BBD9B200600BF0 /* SceneDelegate.swift in Sources */ = {isa = PBXBuildFile; fileRef = ECA2A48F28BBD9B200600BF0 /* SceneDelegate.swift */; };
		ECA2A49228BBD9B200600BF0 /* SettingsViewController.swift in Sources */ = {isa = PBXBuildFile; fileRef = ECA2A49128BBD9B200600BF0 /* SettingsViewController.swift */; };
		ECA2A49728BBD9B400600BF0 /* Assets.xcassets in Resources */ = {isa = PBXBuildFile; fileRef = ECA2A49628BBD9B400600BF0 /* Assets.xcassets */; };
		ECA2A49A28BBD9B400600BF0 /* LaunchScreen.storyboard in Resources */ = {isa = PBXBuildFile; fileRef = ECA2A49828BBD9B400600BF0 /* LaunchScreen.storyboard */; };
		ECA2A4AC28BBDDC200600BF0 /* SnapKit in Frameworks */ = {isa = PBXBuildFile; productRef = ECA2A4AB28BBDDC200600BF0 /* SnapKit */; };
		ECA2A4AE28BBE19800600BF0 /* SettingsViewController+Extension.swift in Sources */ = {isa = PBXBuildFile; fileRef = ECA2A4AD28BBE19800600BF0 /* SettingsViewController+Extension.swift */; };
		ECA2A4B028BBE1FB00600BF0 /* Model.swift in Sources */ = {isa = PBXBuildFile; fileRef = ECA2A4AF28BBE1FB00600BF0 /* Model.swift */; };
		ECA2A4B228BBE3B300600BF0 /* DefaultTableViewCell.swift in Sources */ = {isa = PBXBuildFile; fileRef = ECA2A4B128BBE3B300600BF0 /* DefaultTableViewCell.swift */; };
		ECA2A4B428BBE66400600BF0 /* SwitchTableViewCell.swift in Sources */ = {isa = PBXBuildFile; fileRef = ECA2A4B328BBE66400600BF0 /* SwitchTableViewCell.swift */; };
		ECA2A4B628BBE68800600BF0 /* LabelTableViewCell.swift in Sources */ = {isa = PBXBuildFile; fileRef = ECA2A4B528BBE68800600BF0 /* LabelTableViewCell.swift */; };
		ECA2A4B828BBE6AA00600BF0 /* ImageTableViewCell.swift in Sources */ = {isa = PBXBuildFile; fileRef = ECA2A4B728BBE6AA00600BF0 /* ImageTableViewCell.swift */; };
		ECA2A4BA28BBE88900600BF0 /* DetailSettingsViewController.swift in Sources */ = {isa = PBXBuildFile; fileRef = ECA2A4B928BBE88900600BF0 /* DetailSettingsViewController.swift */; };
/* End PBXBuildFile section */

/* Begin PBXFileReference section */
		ECA2A48A28BBD9B200600BF0 /* iOSSettingsScreen HW13.app */ = {isa = PBXFileReference; explicitFileType = wrapper.application; includeInIndex = 0; path = "iOSSettingsScreen HW13.app"; sourceTree = BUILT_PRODUCTS_DIR; };
		ECA2A48D28BBD9B200600BF0 /* AppDelegate.swift */ = {isa = PBXFileReference; lastKnownFileType = sourcecode.swift; path = AppDelegate.swift; sourceTree = "<group>"; };
		ECA2A48F28BBD9B200600BF0 /* SceneDelegate.swift */ = {isa = PBXFileReference; lastKnownFileType = sourcecode.swift; path = SceneDelegate.swift; sourceTree = "<group>"; };
		ECA2A49128BBD9B200600BF0 /* SettingsViewController.swift */ = {isa = PBXFileReference; lastKnownFileType = sourcecode.swift; path = SettingsViewController.swift; sourceTree = "<group>"; };
		ECA2A49628BBD9B400600BF0 /* Assets.xcassets */ = {isa = PBXFileReference; lastKnownFileType = folder.assetcatalog; path = Assets.xcassets; sourceTree = "<group>"; };
		ECA2A49928BBD9B400600BF0 /* Base */ = {isa = PBXFileReference; lastKnownFileType = file.storyboard; name = Base; path = Base.lproj/LaunchScreen.storyboard; sourceTree = "<group>"; };
		ECA2A49B28BBD9B400600BF0 /* Info.plist */ = {isa = PBXFileReference; lastKnownFileType = text.plist.xml; path = Info.plist; sourceTree = "<group>"; };
		ECA2A4AD28BBE19800600BF0 /* SettingsViewController+Extension.swift */ = {isa = PBXFileReference; lastKnownFileType = sourcecode.swift; path = "SettingsViewController+Extension.swift"; sourceTree = "<group>"; };
		ECA2A4AF28BBE1FB00600BF0 /* Model.swift */ = {isa = PBXFileReference; lastKnownFileType = sourcecode.swift; path = Model.swift; sourceTree = "<group>"; };
		ECA2A4B128BBE3B300600BF0 /* DefaultTableViewCell.swift */ = {isa = PBXFileReference; lastKnownFileType = sourcecode.swift; path = DefaultTableViewCell.swift; sourceTree = "<group>"; };
		ECA2A4B328BBE66400600BF0 /* SwitchTableViewCell.swift */ = {isa = PBXFileReference; lastKnownFileType = sourcecode.swift; path = SwitchTableViewCell.swift; sourceTree = "<group>"; };
		ECA2A4B528BBE68800600BF0 /* LabelTableViewCell.swift */ = {isa = PBXFileReference; lastKnownFileType = sourcecode.swift; path = LabelTableViewCell.swift; sourceTree = "<group>"; };
		ECA2A4B728BBE6AA00600BF0 /* ImageTableViewCell.swift */ = {isa = PBXFileReference; lastKnownFileType = sourcecode.swift; path = ImageTableViewCell.swift; sourceTree = "<group>"; };
		ECA2A4B928BBE88900600BF0 /* DetailSettingsViewController.swift */ = {isa = PBXFileReference; lastKnownFileType = sourcecode.swift; path = DetailSettingsViewController.swift; sourceTree = "<group>"; };
/* End PBXFileReference section */

/* Begin PBXFrameworksBuildPhase section */
		ECA2A48728BBD9B200600BF0 /* Frameworks */ = {
			isa = PBXFrameworksBuildPhase;
			buildActionMask = 2147483647;
			files = (
				ECA2A4AC28BBDDC200600BF0 /* SnapKit in Frameworks */,
			);
			runOnlyForDeploymentPostprocessing = 0;
		};
/* End PBXFrameworksBuildPhase section */

/* Begin PBXGroup section */
		ECA2A48128BBD9B200600BF0 = {
			isa = PBXGroup;
			children = (
				ECA2A48C28BBD9B200600BF0 /* iOSSettingsScreen HW13 */,
				ECA2A48B28BBD9B200600BF0 /* Products */,
			);
			sourceTree = "<group>";
		};
		ECA2A48B28BBD9B200600BF0 /* Products */ = {
			isa = PBXGroup;
			children = (
				ECA2A48A28BBD9B200600BF0 /* iOSSettingsScreen HW13.app */,
			);
			name = Products;
			sourceTree = "<group>";
		};
		ECA2A48C28BBD9B200600BF0 /* iOSSettingsScreen HW13 */ = {
			isa = PBXGroup;
			children = (
				ECA2A4A228BBDD0900600BF0 /* Resources */,
				ECA2A4A128BBDD0100600BF0 /* Sources */,
			);
			path = "iOSSettingsScreen HW13";
			sourceTree = "<group>";
		};
		ECA2A4A128BBDD0100600BF0 /* Sources */ = {
			isa = PBXGroup;
			children = (
				ECA2A4A928BBDD8F00600BF0 /* DetailSettings */,
				ECA2A4A828BBDD8600600BF0 /* Settings */,
				ECA2A4A728BBDD7E00600BF0 /* Model */,
				ECA2A4A628BBDD7800600BF0 /* Cell */,
				ECA2A4A528BBDD5700600BF0 /* Storyboards */,
			);
			path = Sources;
			sourceTree = "<group>";
		};
		ECA2A4A228BBDD0900600BF0 /* Resources */ = {
			isa = PBXGroup;
			children = (
				ECA2A49628BBD9B400600BF0 /* Assets.xcassets */,
				ECA2A4A428BBDD2600600BF0 /* App */,
				ECA2A4A328BBDD1700600BF0 /* Configuration */,
			);
			path = Resources;
			sourceTree = "<group>";
		};
		ECA2A4A328BBDD1700600BF0 /* Configuration */ = {
			isa = PBXGroup;
			children = (
				ECA2A49B28BBD9B400600BF0 /* Info.plist */,
			);
			path = Configuration;
			sourceTree = "<group>";
		};
		ECA2A4A428BBDD2600600BF0 /* App */ = {
			isa = PBXGroup;
			children = (
				ECA2A48D28BBD9B200600BF0 /* AppDelegate.swift */,
				ECA2A48F28BBD9B200600BF0 /* SceneDelegate.swift */,
			);
			path = App;
			sourceTree = "<group>";
		};
		ECA2A4A528BBDD5700600BF0 /* Storyboards */ = {
			isa = PBXGroup;
			children = (
				ECA2A49828BBD9B400600BF0 /* LaunchScreen.storyboard */,
			);
			path = Storyboards;
			sourceTree = "<group>";
		};
		ECA2A4A628BBDD7800600BF0 /* Cell */ = {
			isa = PBXGroup;
			children = (
				ECA2A4B128BBE3B300600BF0 /* DefaultTableViewCell.swift */,
				ECA2A4B328BBE66400600BF0 /* SwitchTableViewCell.swift */,
				ECA2A4B528BBE68800600BF0 /* LabelTableViewCell.swift */,
				ECA2A4B728BBE6AA00600BF0 /* ImageTableViewCell.swift */,
			);
			path = Cell;
			sourceTree = "<group>";
		};
		ECA2A4A728BBDD7E00600BF0 /* Model */ = {
			isa = PBXGroup;
			children = (
				ECA2A4AF28BBE1FB00600BF0 /* Model.swift */,
			);
			path = Model;
			sourceTree = "<group>";
		};
		ECA2A4A828BBDD8600600BF0 /* Settings */ = {
			isa = PBXGroup;
			children = (
				ECA2A49128BBD9B200600BF0 /* SettingsViewController.swift */,
				ECA2A4AD28BBE19800600BF0 /* SettingsViewController+Extension.swift */,
			);
			path = Settings;
			sourceTree = "<group>";
		};
		ECA2A4A928BBDD8F00600BF0 /* DetailSettings */ = {
			isa = PBXGroup;
			children = (
				ECA2A4B928BBE88900600BF0 /* DetailSettingsViewController.swift */,
			);
			path = DetailSettings;
			sourceTree = "<group>";
		};
/* End PBXGroup section */

/* Begin PBXNativeTarget section */
		ECA2A48928BBD9B200600BF0 /* iOSSettingsScreen HW13 */ = {
			isa = PBXNativeTarget;
			buildConfigurationList = ECA2A49E28BBD9B400600BF0 /* Build configuration list for PBXNativeTarget "iOSSettingsScreen HW13" */;
			buildPhases = (
				ECA2A48628BBD9B200600BF0 /* Sources */,
				ECA2A48728BBD9B200600BF0 /* Frameworks */,
				ECA2A48828BBD9B200600BF0 /* Resources */,
			);
			buildRules = (
			);
			dependencies = (
			);
			name = "iOSSettingsScreen HW13";
			packageProductDependencies = (
				ECA2A4AB28BBDDC200600BF0 /* SnapKit */,
			);
			productName = "iOSSettingsScreen HW13";
			productReference = ECA2A48A28BBD9B200600BF0 /* iOSSettingsScreen HW13.app */;
			productType = "com.apple.product-type.application";
		};
/* End PBXNativeTarget section */

/* Begin PBXProject section */
		ECA2A48228BBD9B200600BF0 /* Project object */ = {
			isa = PBXProject;
			attributes = {
				BuildIndependentTargetsInParallel = 1;
				LastSwiftUpdateCheck = 1340;
				LastUpgradeCheck = 1340;
				TargetAttributes = {
					ECA2A48928BBD9B200600BF0 = {
						CreatedOnToolsVersion = 13.4.1;
					};
				};
			};
			buildConfigurationList = ECA2A48528BBD9B200600BF0 /* Build configuration list for PBXProject "iOSSettingsScreen HW13" */;
			compatibilityVersion = "Xcode 13.0";
			developmentRegion = en;
			hasScannedForEncodings = 0;
			knownRegions = (
				en,
				Base,
			);
			mainGroup = ECA2A48128BBD9B200600BF0;
			packageReferences = (
				ECA2A4AA28BBDDC200600BF0 /* XCRemoteSwiftPackageReference "SnapKit" */,
			);
			productRefGroup = ECA2A48B28BBD9B200600BF0 /* Products */;
			projectDirPath = "";
			projectRoot = "";
			targets = (
				ECA2A48928BBD9B200600BF0 /* iOSSettingsScreen HW13 */,
			);
		};
/* End PBXProject section */

/* Begin PBXResourcesBuildPhase section */
		ECA2A48828BBD9B200600BF0 /* Resources */ = {
			isa = PBXResourcesBuildPhase;
			buildActionMask = 2147483647;
			files = (
				ECA2A49A28BBD9B400600BF0 /* LaunchScreen.storyboard in Resources */,
				ECA2A49728BBD9B400600BF0 /* Assets.xcassets in Resources */,
			);
			runOnlyForDeploymentPostprocessing = 0;
		};
/* End PBXResourcesBuildPhase section */

/* Begin PBXSourcesBuildPhase section */
		ECA2A48628BBD9B200600BF0 /* Sources */ = {
			isa = PBXSourcesBuildPhase;
			buildActionMask = 2147483647;
			files = (
				ECA2A4B028BBE1FB00600BF0 /* Model.swift in Sources */,
				ECA2A4B228BBE3B300600BF0 /* DefaultTableViewCell.swift in Sources */,
				ECA2A4B428BBE66400600BF0 /* SwitchTableViewCell.swift in Sources */,
				ECA2A4B828BBE6AA00600BF0 /* ImageTableViewCell.swift in Sources */,
				ECA2A4BA28BBE88900600BF0 /* DetailSettingsViewController.swift in Sources */,
				ECA2A49228BBD9B200600BF0 /* SettingsViewController.swift in Sources */,
				ECA2A4AE28BBE19800600BF0 /* SettingsViewController+Extension.swift in Sources */,
				ECA2A48E28BBD9B200600BF0 /* AppDelegate.swift in Sources */,
				ECA2A4B628BBE68800600BF0 /* LabelTableViewCell.swift in Sources */,
				ECA2A49028BBD9B200600BF0 /* SceneDelegate.swift in Sources */,
			);
			runOnlyForDeploymentPostprocessing = 0;
		};
/* End PBXSourcesBuildPhase section */

/* Begin PBXVariantGroup section */
		ECA2A49828BBD9B400600BF0 /* LaunchScreen.storyboard */ = {
			isa = PBXVariantGroup;
			children = (
				ECA2A49928BBD9B400600BF0 /* Base */,
			);
			name = LaunchScreen.storyboard;
			sourceTree = "<group>";
		};
/* End PBXVariantGroup section */

/* Begin XCBuildConfiguration section */
		ECA2A49C28BBD9B400600BF0 /* Debug */ = {
			isa = XCBuildConfiguration;
			buildSettings = {
				ALWAYS_SEARCH_USER_PATHS = NO;
				CLANG_ANALYZER_NONNULL = YES;
				CLANG_ANALYZER_NUMBER_OBJECT_CONVERSION = YES_AGGRESSIVE;
				CLANG_CXX_LANGUAGE_STANDARD = "gnu++17";
				CLANG_ENABLE_MODULES = YES;
				CLANG_ENABLE_OBJC_ARC = YES;
				CLANG_ENABLE_OBJC_WEAK = YES;
				CLANG_WARN_BLOCK_CAPTURE_AUTORELEASING = YES;
				CLANG_WARN_BOOL_CONVERSION = YES;
				CLANG_WARN_COMMA = YES;
				CLANG_WARN_CONSTANT_CONVERSION = YES;
				CLANG_WARN_DEPRECATED_OBJC_IMPLEMENTATIONS = YES;
				CLANG_WARN_DIRECT_OBJC_ISA_USAGE = YES_ERROR;
				CLANG_WARN_DOCUMENTATION_COMMENTS = YES;
				CLANG_WARN_EMPTY_BODY = YES;
				CLANG_WARN_ENUM_CONVERSION = YES;
				CLANG_WARN_INFINITE_RECURSION = YES;
				CLANG_WARN_INT_CONVERSION = YES;
				CLANG_WARN_NON_LITERAL_NULL_CONVERSION = YES;
				CLANG_WARN_OBJC_IMPLICIT_RETAIN_SELF = YES;
				CLANG_WARN_OBJC_LITERAL_CONVERSION = YES;
				CLANG_WARN_OBJC_ROOT_CLASS = YES_ERROR;
				CLANG_WARN_QUOTED_INCLUDE_IN_FRAMEWORK_HEADER = YES;
				CLANG_WARN_RANGE_LOOP_ANALYSIS = YES;
				CLANG_WARN_STRICT_PROTOTYPES = YES;
				CLANG_WARN_SUSPICIOUS_MOVE = YES;
				CLANG_WARN_UNGUARDED_AVAILABILITY = YES_AGGRESSIVE;
				CLANG_WARN_UNREACHABLE_CODE = YES;
				CLANG_WARN__DUPLICATE_METHOD_MATCH = YES;
				COPY_PHASE_STRIP = NO;
				DEBUG_INFORMATION_FORMAT = dwarf;
				ENABLE_STRICT_OBJC_MSGSEND = YES;
				ENABLE_TESTABILITY = YES;
				GCC_C_LANGUAGE_STANDARD = gnu11;
				GCC_DYNAMIC_NO_PIC = NO;
				GCC_NO_COMMON_BLOCKS = YES;
				GCC_OPTIMIZATION_LEVEL = 0;
				GCC_PREPROCESSOR_DEFINITIONS = (
					"DEBUG=1",
					"$(inherited)",
				);
				GCC_WARN_64_TO_32_BIT_CONVERSION = YES;
				GCC_WARN_ABOUT_RETURN_TYPE = YES_ERROR;
				GCC_WARN_UNDECLARED_SELECTOR = YES;
				GCC_WARN_UNINITIALIZED_AUTOS = YES_AGGRESSIVE;
				GCC_WARN_UNUSED_FUNCTION = YES;
				GCC_WARN_UNUSED_VARIABLE = YES;
				IPHONEOS_DEPLOYMENT_TARGET = 15.4;
				MTL_ENABLE_DEBUG_INFO = INCLUDE_SOURCE;
				MTL_FAST_MATH = YES;
				ONLY_ACTIVE_ARCH = YES;
				SDKROOT = iphoneos;
				SWIFT_ACTIVE_COMPILATION_CONDITIONS = DEBUG;
				SWIFT_OPTIMIZATION_LEVEL = "-Onone";
			};
			name = Debug;
		};
		ECA2A49D28BBD9B400600BF0 /* Release */ = {
			isa = XCBuildConfiguration;
			buildSettings = {
				ALWAYS_SEARCH_USER_PATHS = NO;
				CLANG_ANALYZER_NONNULL = YES;
				CLANG_ANALYZER_NUMBER_OBJECT_CONVERSION = YES_AGGRESSIVE;
				CLANG_CXX_LANGUAGE_STANDARD = "gnu++17";
				CLANG_ENABLE_MODULES = YES;
				CLANG_ENABLE_OBJC_ARC = YES;
				CLANG_ENABLE_OBJC_WEAK = YES;
				CLANG_WARN_BLOCK_CAPTURE_AUTORELEASING = YES;
				CLANG_WARN_BOOL_CONVERSION = YES;
				CLANG_WARN_COMMA = YES;
				CLANG_WARN_CONSTANT_CONVERSION = YES;
				CLANG_WARN_DEPRECATED_OBJC_IMPLEMENTATIONS = YES;
				CLANG_WARN_DIRECT_OBJC_ISA_USAGE = YES_ERROR;
				CLANG_WARN_DOCUMENTATION_COMMENTS = YES;
				CLANG_WARN_EMPTY_BODY = YES;
				CLANG_WARN_ENUM_CONVERSION = YES;
				CLANG_WARN_INFINITE_RECURSION = YES;
				CLANG_WARN_INT_CONVERSION = YES;
				CLANG_WARN_NON_LITERAL_NULL_CONVERSION = YES;
				CLANG_WARN_OBJC_IMPLICIT_RETAIN_SELF = YES;
				CLANG_WARN_OBJC_LITERAL_CONVERSION = YES;
				CLANG_WARN_OBJC_ROOT_CLASS = YES_ERROR;
				CLANG_WARN_QUOTED_INCLUDE_IN_FRAMEWORK_HEADER = YES;
				CLANG_WARN_RANGE_LOOP_ANALYSIS = YES;
				CLANG_WARN_STRICT_PROTOTYPES = YES;
				CLANG_WARN_SUSPICIOUS_MOVE = YES;
				CLANG_WARN_UNGUARDED_AVAILABILITY = YES_AGGRESSIVE;
				CLANG_WARN_UNREACHABLE_CODE = YES;
				CLANG_WARN__DUPLICATE_METHOD_MATCH = YES;
				COPY_PHASE_STRIP = NO;
				DEBUG_INFORMATION_FORMAT = "dwarf-with-dsym";
				ENABLE_NS_ASSERTIONS = NO;
				ENABLE_STRICT_OBJC_MSGSEND = YES;
				GCC_C_LANGUAGE_STANDARD = gnu11;
				GCC_NO_COMMON_BLOCKS = YES;
				GCC_WARN_64_TO_32_BIT_CONVERSION = YES;
				GCC_WARN_ABOUT_RETURN_TYPE = YES_ERROR;
				GCC_WARN_UNDECLARED_SELECTOR = YES;
				GCC_WARN_UNINITIALIZED_AUTOS = YES_AGGRESSIVE;
				GCC_WARN_UNUSED_FUNCTION = YES;
				GCC_WARN_UNUSED_VARIABLE = YES;
				IPHONEOS_DEPLOYMENT_TARGET = 15.4;
				MTL_ENABLE_DEBUG_INFO = NO;
				MTL_FAST_MATH = YES;
				SDKROOT = iphoneos;
				SWIFT_COMPILATION_MODE = wholemodule;
				SWIFT_OPTIMIZATION_LEVEL = "-O";
				VALIDATE_PRODUCT = YES;
			};
			name = Release;
		};
		ECA2A49F28BBD9B400600BF0 /* Debug */ = {
			isa = XCBuildConfiguration;
			buildSettings = {
				ASSETCATALOG_COMPILER_APPICON_NAME = AppIcon;
				ASSETCATALOG_COMPILER_GLOBAL_ACCENT_COLOR_NAME = AccentColor;
				CODE_SIGN_STYLE = Automatic;
				CURRENT_PROJECT_VERSION = 1;
				DEVELOPMENT_TEAM = 3X3V3KXTWJ;
				GENERATE_INFOPLIST_FILE = YES;
				INFOPLIST_FILE = "iOSSettingsScreen HW13/Resources/Configuration/Info.plist";
				INFOPLIST_KEY_UIApplicationSupportsIndirectInputEvents = YES;
				INFOPLIST_KEY_UILaunchStoryboardName = LaunchScreen;
				INFOPLIST_KEY_UISupportedInterfaceOrientations = UIInterfaceOrientationPortrait;
				INFOPLIST_KEY_UISupportedInterfaceOrientations_iPad = "UIInterfaceOrientationPortrait UIInterfaceOrientationPortraitUpsideDown UIInterfaceOrientationLandscapeLeft UIInterfaceOrientationLandscapeRight";
				INFOPLIST_KEY_UISupportedInterfaceOrientations_iPhone = "UIInterfaceOrientationPortrait UIInterfaceOrientationLandscapeLeft UIInterfaceOrientationLandscapeRight";
				LD_RUNPATH_SEARCH_PATHS = (
					"$(inherited)",
					"@executable_path/Frameworks",
				);
				MARKETING_VERSION = 1.0;
				PRODUCT_BUNDLE_IDENTIFIER = "com.my.iOSSettingsScreen-HW13";
				PRODUCT_NAME = "$(TARGET_NAME)";
				SWIFT_EMIT_LOC_STRINGS = YES;
				SWIFT_VERSION = 5.0;
				TARGETED_DEVICE_FAMILY = 1;
			};
			name = Debug;
		};
		ECA2A4A028BBD9B400600BF0 /* Release */ = {
			isa = XCBuildConfiguration;
			buildSettings = {
				ASSETCATALOG_COMPILER_APPICON_NAME = AppIcon;
				ASSETCATALOG_COMPILER_GLOBAL_ACCENT_COLOR_NAME = AccentColor;
				CODE_SIGN_STYLE = Automatic;
				CURRENT_PROJECT_VERSION = 1;
				DEVELOPMENT_TEAM = 3X3V3KXTWJ;
				GENERATE_INFOPLIST_FILE = YES;
				INFOPLIST_FILE = "iOSSettingsScreen HW13/Resources/Configuration/Info.plist";
				INFOPLIST_KEY_UIApplicationSupportsIndirectInputEvents = YES;
				INFOPLIST_KEY_UILaunchStoryboardName = LaunchScreen;
				INFOPLIST_KEY_UISupportedInterfaceOrientations = UIInterfaceOrientationPortrait;
				INFOPLIST_KEY_UISupportedInterfaceOrientations_iPad = "UIInterfaceOrientationPortrait UIInterfaceOrientationPortraitUpsideDown UIInterfaceOrientationLandscapeLeft UIInterfaceOrientationLandscapeRight";
				INFOPLIST_KEY_UISupportedInterfaceOrientations_iPhone = "UIInterfaceOrientationPortrait UIInterfaceOrientationLandscapeLeft UIInterfaceOrientationLandscapeRight";
				LD_RUNPATH_SEARCH_PATHS = (
					"$(inherited)",
					"@executable_path/Frameworks",
				);
				MARKETING_VERSION = 1.0;
				PRODUCT_BUNDLE_IDENTIFIER = "com.my.iOSSettingsScreen-HW13";
				PRODUCT_NAME = "$(TARGET_NAME)";
				SWIFT_EMIT_LOC_STRINGS = YES;
				SWIFT_VERSION = 5.0;
				TARGETED_DEVICE_FAMILY = 1;
			};
			name = Release;
		};
/* End XCBuildConfiguration section */

/* Begin XCConfigurationList section */
		ECA2A48528BBD9B200600BF0 /* Build configuration list for PBXProject "iOSSettingsScreen HW13" */ = {
			isa = XCConfigurationList;
			buildConfigurations = (
				ECA2A49C28BBD9B400600BF0 /* Debug */,
				ECA2A49D28BBD9B400600BF0 /* Release */,
			);
			defaultConfigurationIsVisible = 0;
			defaultConfigurationName = Release;
		};
		ECA2A49E28BBD9B400600BF0 /* Build configuration list for PBXNativeTarget "iOSSettingsScreen HW13" */ = {
			isa = XCConfigurationList;
			buildConfigurations = (
				ECA2A49F28BBD9B400600BF0 /* Debug */,
				ECA2A4A028BBD9B400600BF0 /* Release */,
			);
			defaultConfigurationIsVisible = 0;
			defaultConfigurationName = Release;
		};
/* End XCConfigurationList section */

/* Begin XCRemoteSwiftPackageReference section */
		ECA2A4AA28BBDDC200600BF0 /* XCRemoteSwiftPackageReference "SnapKit" */ = {
			isa = XCRemoteSwiftPackageReference;
			repositoryURL = "https://github.com/SnapKit/SnapKit?ysclid=l6xwdkny7g528794473";
			requirement = {
				kind = upToNextMinorVersion;
				minimumVersion = 5.6.0;
			};
		};
/* End XCRemoteSwiftPackageReference section */

/* Begin XCSwiftPackageProductDependency section */
		ECA2A4AB28BBDDC200600BF0 /* SnapKit */ = {
			isa = XCSwiftPackageProductDependency;
			package = ECA2A4AA28BBDDC200600BF0 /* XCRemoteSwiftPackageReference "SnapKit" */;
			productName = SnapKit;
		};
/* End XCSwiftPackageProductDependency section */
	};
	rootObject = ECA2A48228BBD9B200600BF0 /* Project object */;
}
